
Microsoft Visual Studio Solution File, Format Version 12.00
# Visual Studio Version 17
VisualStudioVersion = 17.5.002.0
MinimumVisualStudioVersion = 10.0.40219.1
Project("{9A19103F-16F7-4668-BE54-9A1E7A4F7556}") = "TalentAPI", "TalentAPI.csproj", "{EC442376-5C72-47A2-B310-9F991364A5A3}"
EndProject
Global
	GlobalSection(SolutionConfigurationPlatforms) = preSolution
		Debug|Any CPU = Debug|Any CPU
		Release|Any CPU = Release|Any CPU
	EndGlobalSection
	GlobalSection(ProjectConfigurationPlatforms) = postSolution
		{EC442376-5C72-47A2-B310-9F991364A5A3}.Debug|Any CPU.ActiveCfg = Debug|Any CPU
		{EC442376-5C72-47A2-B310-9F991364A5A3}.Debug|Any CPU.Build.0 = Debug|Any CPU
		{EC442376-5C72-47A2-B310-9F991364A5A3}.Release|Any CPU.ActiveCfg = Release|Any CPU
		{EC442376-5C72-47A2-B310-9F991364A5A3}.Release|Any CPU.Build.0 = Release|Any CPU
	EndGlobalSection
	GlobalSection(SolutionProperties) = preSolution
		HideSolutionNode = FALSE
	EndGlobalSection
	GlobalSection(ExtensibilityGlobals) = postSolution
		SolutionGuid = {CDC1B67C-752F-4474-A409-4E5CC1970158}
	EndGlobalSection
EndGlobal
